
Microsoft Visual Studio Solution File, Format Version 12.00
# Visual Studio Version 17
VisualStudioVersion = 17.14.36212.18
MinimumVisualStudioVersion = 10.0.40219.1
Project("{FAE04EC0-301F-11D3-BF4B-00C04F79EFBC}") = "CatsMCP.WebApi", "CatsMCP.WebApi\CatsMCP.WebApi.csproj", "{1D1F6F6A-4237-4FD3-B4D5-9686B888D10B}"
EndProject
Project("{FAE04EC0-301F-11D3-BF4B-00C04F79EFBC}") = "CatsMCP.Application", "CatsMCP.Application\CatsMCP.Application.csproj", "{58143741-11FE-45F8-B39B-A519955F0B42}"
EndProject
Project("{FAE04EC0-301F-11D3-BF4B-00C04F79EFBC}") = "CatsMCP.Infrastructure", "CatsMCP.Infrastructure\CatsMCP.Infrastructure.csproj", "{A07A63E1-80F5-43A2-A954-E8A6BC9B56E0}"
EndProject
Project("{FAE04EC0-301F-11D3-BF4B-00C04F79EFBC}") = "CatsMCP.Domain", "CatsMCP.Domain\CatsMCP.Domain.csproj", "{2F25AA01-F72E-4A1B-BFB4-3FD4FDD8E481}"
EndProject
Global
	GlobalSection(SolutionConfigurationPlatforms) = preSolution
		Debug|Any CPU = Debug|Any CPU
		Release|Any CPU = Release|Any CPU
	EndGlobalSection
	GlobalSection(ProjectConfigurationPlatforms) = postSolution
		{1D1F6F6A-4237-4FD3-B4D5-9686B888D10B}.Debug|Any CPU.ActiveCfg = Debug|Any CPU
		{1D1F6F6A-4237-4FD3-B4D5-9686B888D10B}.Debug|Any CPU.Build.0 = Debug|Any CPU
		{1D1F6F6A-4237-4FD3-B4D5-9686B888D10B}.Release|Any CPU.ActiveCfg = Release|Any CPU
		{1D1F6F6A-4237-4FD3-B4D5-9686B888D10B}.Release|Any CPU.Build.0 = Release|Any CPU
		{58143741-11FE-45F8-B39B-A519955F0B42}.Debug|Any CPU.ActiveCfg = Debug|Any CPU
		{58143741-11FE-45F8-B39B-A519955F0B42}.Debug|Any CPU.Build.0 = Debug|Any CPU
		{58143741-11FE-45F8-B39B-A519955F0B42}.Release|Any CPU.ActiveCfg = Release|Any CPU
		{58143741-11FE-45F8-B39B-A519955F0B42}.Release|Any CPU.Build.0 = Release|Any CPU
		{A07A63E1-80F5-43A2-A954-E8A6BC9B56E0}.Debug|Any CPU.ActiveCfg = Debug|Any CPU
		{A07A63E1-80F5-43A2-A954-E8A6BC9B56E0}.Debug|Any CPU.Build.0 = Debug|Any CPU
		{A07A63E1-80F5-43A2-A954-E8A6BC9B56E0}.Release|Any CPU.ActiveCfg = Release|Any CPU
                {A07A63E1-80F5-43A2-A954-E8A6BC9B56E0}.Release|Any CPU.Build.0 = Release|Any CPU
                {2F25AA01-F72E-4A1B-BFB4-3FD4FDD8E481}.Debug|Any CPU.ActiveCfg = Debug|Any CPU
                {2F25AA01-F72E-4A1B-BFB4-3FD4FDD8E481}.Debug|Any CPU.Build.0 = Debug|Any CPU
                {2F25AA01-F72E-4A1B-BFB4-3FD4FDD8E481}.Release|Any CPU.ActiveCfg = Release|Any CPU
                {2F25AA01-F72E-4A1B-BFB4-3FD4FDD8E481}.Release|Any CPU.Build.0 = Release|Any CPU
        EndGlobalSection
	GlobalSection(SolutionProperties) = preSolution
		HideSolutionNode = FALSE
	EndGlobalSection
	GlobalSection(ExtensibilityGlobals) = postSolution
		SolutionGuid = {DB659C93-A06C-4AD9-B0A1-D29EC8FA2524}
	EndGlobalSection
EndGlobal
